
Microsoft Visual Studio Solution File, Format Version 11.00
# Visual Studio 2010
Project("{FAE04EC0-301F-11D3-BF4B-00C04F79EFBC}") = "MonoBot", "MonoBot\MonoBot.csproj", "{7987E5D6-6BCD-4EBC-BCDC-B4DDE446FF2B}"
EndProject
Global
	GlobalSection(SolutionConfigurationPlatforms) = preSolution
		Debug|x86 = Debug|x86
		Release|x86 = Release|x86
	EndGlobalSection
	GlobalSection(ProjectConfigurationPlatforms) = postSolution
		{7987E5D6-6BCD-4EBC-BCDC-B4DDE446FF2B}.Debug|x86.ActiveCfg = Debug|x86
		{7987E5D6-6BCD-4EBC-BCDC-B4DDE446FF2B}.Debug|x86.Build.0 = Debug|x86
		{7987E5D6-6BCD-4EBC-BCDC-B4DDE446FF2B}.Release|x86.ActiveCfg = Release|x86
		{7987E5D6-6BCD-4EBC-BCDC-B4DDE446FF2B}.Release|x86.Build.0 = Release|x86
	EndGlobalSection
	GlobalSection(MonoDevelopProperties) = preSolution
		StartupItem = MonoBot\MonoBot.csproj
	EndGlobalSection
EndGlobal
